
Microsoft Visual Studio Solution File, Format Version 12.00
# Visual Studio Version 17
VisualStudioVersion = 17.0.31903.59
MinimumVisualStudioVersion = 10.0.40219.1
Project("{FAE04EC0-301F-11D3-BF4B-00C04F79EFBC}") = "TreeApp.Api", "TreeApp.Api\TreeApp.Api.csproj", "{F9A1CBC1-F04B-4CF1-B26A-B4991026D625}"
EndProject
Project("{FAE04EC0-301F-11D3-BF4B-00C04F79EFBC}") = "TreeApp.Infrastructure", "TreeApp.Infrastructure\TreeApp.Infrastructure.csproj", "{E9E23C83-CFB7-4365-A776-ED4A1B9B45A9}"
EndProject
Project("{FAE04EC0-301F-11D3-BF4B-00C04F79EFBC}") = "TreeApp.Application", "TreeApp.Application\TreeApp.Application.csproj", "{8792B27A-13FD-4797-85E1-2E0CBA37EF74}"
EndProject
Project("{FAE04EC0-301F-11D3-BF4B-00C04F79EFBC}") = "TreeApp.Domain", "TreeApp.Domain\TreeApp.Domain.csproj", "{2312D854-99D3-6B69-1CA5-9AE5E2FF4EE6}"
EndProject
Global
	GlobalSection(SolutionConfigurationPlatforms) = preSolution
		Debug|Any CPU = Debug|Any CPU
		Debug|x64 = Debug|x64
		Debug|x86 = Debug|x86
		Release|Any CPU = Release|Any CPU
		Release|x64 = Release|x64
		Release|x86 = Release|x86
	EndGlobalSection
	GlobalSection(ProjectConfigurationPlatforms) = postSolution
		{F9A1CBC1-F04B-4CF1-B26A-B4991026D625}.Debug|Any CPU.ActiveCfg = Debug|Any CPU
		{F9A1CBC1-F04B-4CF1-B26A-B4991026D625}.Debug|Any CPU.Build.0 = Debug|Any CPU
		{F9A1CBC1-F04B-4CF1-B26A-B4991026D625}.Debug|x64.ActiveCfg = Debug|Any CPU
		{F9A1CBC1-F04B-4CF1-B26A-B4991026D625}.Debug|x64.Build.0 = Debug|Any CPU
		{F9A1CBC1-F04B-4CF1-B26A-B4991026D625}.Debug|x86.ActiveCfg = Debug|Any CPU
		{F9A1CBC1-F04B-4CF1-B26A-B4991026D625}.Debug|x86.Build.0 = Debug|Any CPU
		{F9A1CBC1-F04B-4CF1-B26A-B4991026D625}.Release|Any CPU.ActiveCfg = Release|Any CPU
		{F9A1CBC1-F04B-4CF1-B26A-B4991026D625}.Release|Any CPU.Build.0 = Release|Any CPU
		{F9A1CBC1-F04B-4CF1-B26A-B4991026D625}.Release|x64.ActiveCfg = Release|Any CPU
		{F9A1CBC1-F04B-4CF1-B26A-B4991026D625}.Release|x64.Build.0 = Release|Any CPU
		{F9A1CBC1-F04B-4CF1-B26A-B4991026D625}.Release|x86.ActiveCfg = Release|Any CPU
		{F9A1CBC1-F04B-4CF1-B26A-B4991026D625}.Release|x86.Build.0 = Release|Any CPU
		{E9E23C83-CFB7-4365-A776-ED4A1B9B45A9}.Debug|Any CPU.ActiveCfg = Debug|Any CPU
		{E9E23C83-CFB7-4365-A776-ED4A1B9B45A9}.Debug|Any CPU.Build.0 = Debug|Any CPU
		{E9E23C83-CFB7-4365-A776-ED4A1B9B45A9}.Debug|x64.ActiveCfg = Debug|Any CPU
		{E9E23C83-CFB7-4365-A776-ED4A1B9B45A9}.Debug|x64.Build.0 = Debug|Any CPU
		{E9E23C83-CFB7-4365-A776-ED4A1B9B45A9}.Debug|x86.ActiveCfg = Debug|Any CPU
		{E9E23C83-CFB7-4365-A776-ED4A1B9B45A9}.Debug|x86.Build.0 = Debug|Any CPU
		{E9E23C83-CFB7-4365-A776-ED4A1B9B45A9}.Release|Any CPU.ActiveCfg = Release|Any CPU
		{E9E23C83-CFB7-4365-A776-ED4A1B9B45A9}.Release|Any CPU.Build.0 = Release|Any CPU
		{E9E23C83-CFB7-4365-A776-ED4A1B9B45A9}.Release|x64.ActiveCfg = Release|Any CPU
		{E9E23C83-CFB7-4365-A776-ED4A1B9B45A9}.Release|x64.Build.0 = Release|Any CPU
		{E9E23C83-CFB7-4365-A776-ED4A1B9B45A9}.Release|x86.ActiveCfg = Release|Any CPU
		{E9E23C83-CFB7-4365-A776-ED4A1B9B45A9}.Release|x86.Build.0 = Release|Any CPU
		{8792B27A-13FD-4797-85E1-2E0CBA37EF74}.Debug|Any CPU.ActiveCfg = Debug|Any CPU
		{8792B27A-13FD-4797-85E1-2E0CBA37EF74}.Debug|Any CPU.Build.0 = Debug|Any CPU
		{8792B27A-13FD-4797-85E1-2E0CBA37EF74}.Debug|x64.ActiveCfg = Debug|Any CPU
		{8792B27A-13FD-4797-85E1-2E0CBA37EF74}.Debug|x64.Build.0 = Debug|Any CPU
		{8792B27A-13FD-4797-85E1-2E0CBA37EF74}.Debug|x86.ActiveCfg = Debug|Any CPU
		{8792B27A-13FD-4797-85E1-2E0CBA37EF74}.Debug|x86.Build.0 = Debug|Any CPU
		{8792B27A-13FD-4797-85E1-2E0CBA37EF74}.Release|Any CPU.ActiveCfg = Release|Any CPU
		{8792B27A-13FD-4797-85E1-2E0CBA37EF74}.Release|Any CPU.Build.0 = Release|Any CPU
		{8792B27A-13FD-4797-85E1-2E0CBA37EF74}.Release|x64.ActiveCfg = Release|Any CPU
		{8792B27A-13FD-4797-85E1-2E0CBA37EF74}.Release|x64.Build.0 = Release|Any CPU
		{8792B27A-13FD-4797-85E1-2E0CBA37EF74}.Release|x86.ActiveCfg = Release|Any CPU
		{8792B27A-13FD-4797-85E1-2E0CBA37EF74}.Release|x86.Build.0 = Release|Any CPU
		{2312D854-99D3-6B69-1CA5-9AE5E2FF4EE6}.Debug|Any CPU.ActiveCfg = Debug|Any CPU
		{2312D854-99D3-6B69-1CA5-9AE5E2FF4EE6}.Debug|Any CPU.Build.0 = Debug|Any CPU
		{2312D854-99D3-6B69-1CA5-9AE5E2FF4EE6}.Debug|x64.ActiveCfg = Debug|Any CPU
		{2312D854-99D3-6B69-1CA5-9AE5E2FF4EE6}.Debug|x64.Build.0 = Debug|Any CPU
		{2312D854-99D3-6B69-1CA5-9AE5E2FF4EE6}.Debug|x86.ActiveCfg = Debug|Any CPU
		{2312D854-99D3-6B69-1CA5-9AE5E2FF4EE6}.Debug|x86.Build.0 = Debug|Any CPU
		{2312D854-99D3-6B69-1CA5-9AE5E2FF4EE6}.Release|Any CPU.ActiveCfg = Release|Any CPU
		{2312D854-99D3-6B69-1CA5-9AE5E2FF4EE6}.Release|Any CPU.Build.0 = Release|Any CPU
		{2312D854-99D3-6B69-1CA5-9AE5E2FF4EE6}.Release|x64.ActiveCfg = Release|Any CPU
		{2312D854-99D3-6B69-1CA5-9AE5E2FF4EE6}.Release|x64.Build.0 = Release|Any CPU
		{2312D854-99D3-6B69-1CA5-9AE5E2FF4EE6}.Release|x86.ActiveCfg = Release|Any CPU
		{2312D854-99D3-6B69-1CA5-9AE5E2FF4EE6}.Release|x86.Build.0 = Release|Any CPU
	EndGlobalSection
	GlobalSection(SolutionProperties) = preSolution
		HideSolutionNode = FALSE
	EndGlobalSection
	GlobalSection(ExtensibilityGlobals) = postSolution
		SolutionGuid = {B25F539D-6279-4E5F-8603-EF684F0FC7E4}
	EndGlobalSection
EndGlobal
